
Microsoft Visual Studio Solution File, Format Version 12.00
# Visual Studio Version 17
Project("{2150E333-8FDC-42A3-9474-1A3956D46DE8}") = "src", "src", "{8EED895E-FC7E-4184-B5B0-8EB6F21C335E}"
EndProject
Project("{2150E333-8FDC-42A3-9474-1A3956D46DE8}") = "tests", "tests", "{66DF07EF-816A-4412-A155-DCB5FF138263}"
EndProject
Project("{FAE04EC0-301F-11D3-BF4B-00C04F79EFBC}") = "MGFL.Domain", "src\MGFL.Domain\MGFL.Domain.csproj", "{8EE76FB1-271C-4796-BAE1-16CFB0058814}"
EndProject
Project("{FAE04EC0-301F-11D3-BF4B-00C04F79EFBC}") = "MGFL.Application", "src\MGFL.Application\MGFL.Application.csproj", "{33068AF4-83D6-4BE0-89CE-4F50F86F1A84}"
EndProject
Project("{FAE04EC0-301F-11D3-BF4B-00C04F79EFBC}") = "MGFL.Infrastructure", "src\MGFL.Infrastructure\MGFL.Infrastructure.csproj", "{51809C49-E5BB-4ABE-902F-48C843CCA5F1}"
EndProject
Project("{FAE04EC0-301F-11D3-BF4B-00C04F79EFBC}") = "MGFL.Api", "src\MGFL.Api\MGFL.Api.csproj", "{51B2F208-20BC-4F48-B495-5180EBD2F8B8}"
EndProject
Project("{FAE04EC0-301F-11D3-BF4B-00C04F79EFBC}") = "MGFL.Domain.Tests", "tests\MGFL.Domain.Tests\MGFL.Domain.Tests.csproj", "{946F1259-8EF0-47C0-9702-BA9286654B66}"
EndProject
Project("{FAE04EC0-301F-11D3-BF4B-00C04F79EFBC}") = "MGFL.Application.Tests", "tests\MGFL.Application.Tests\MGFL.Application.Tests.csproj", "{64FB360B-D29C-4AA5-B40C-65535E8B549B}"
EndProject
Project("{FAE04EC0-301F-11D3-BF4B-00C04F79EFBC}") = "MGFL.Api.IntegrationTests", "tests\MGFL.Api.IntegrationTests\MGFL.Api.IntegrationTests.csproj", "{D7AB73AB-C9DB-4DCC-945D-FE694411231F}"
EndProject
Global
	GlobalSection(SolutionConfigurationPlatforms) = preSolution
		Debug|Any CPU = Debug|Any CPU
		Debug|x64 = Debug|x64
		Debug|x86 = Debug|x86
		Release|Any CPU = Release|Any CPU
		Release|x64 = Release|x64
		Release|x86 = Release|x86
	EndGlobalSection
	GlobalSection(ProjectConfigurationPlatforms) = postSolution
		{8EE76FB1-271C-4796-BAE1-16CFB0058814}.Debug|Any CPU.ActiveCfg = Debug|Any CPU
		{8EE76FB1-271C-4796-BAE1-16CFB0058814}.Debug|Any CPU.Build.0 = Debug|Any CPU
		{8EE76FB1-271C-4796-BAE1-16CFB0058814}.Debug|x64.ActiveCfg = Debug|Any CPU
		{8EE76FB1-271C-4796-BAE1-16CFB0058814}.Debug|x64.Build.0 = Debug|Any CPU
		{8EE76FB1-271C-4796-BAE1-16CFB0058814}.Debug|x86.ActiveCfg = Debug|Any CPU
		{8EE76FB1-271C-4796-BAE1-16CFB0058814}.Debug|x86.Build.0 = Debug|Any CPU
		{8EE76FB1-271C-4796-BAE1-16CFB0058814}.Release|Any CPU.ActiveCfg = Release|Any CPU
		{8EE76FB1-271C-4796-BAE1-16CFB0058814}.Release|Any CPU.Build.0 = Release|Any CPU
		{8EE76FB1-271C-4796-BAE1-16CFB0058814}.Release|x64.ActiveCfg = Release|Any CPU
		{8EE76FB1-271C-4796-BAE1-16CFB0058814}.Release|x64.Build.0 = Release|Any CPU
		{8EE76FB1-271C-4796-BAE1-16CFB0058814}.Release|x86.ActiveCfg = Release|Any CPU
		{8EE76FB1-271C-4796-BAE1-16CFB0058814}.Release|x86.Build.0 = Release|Any CPU
		{33068AF4-83D6-4BE0-89CE-4F50F86F1A84}.Debug|Any CPU.ActiveCfg = Debug|Any CPU
		{33068AF4-83D6-4BE0-89CE-4F50F86F1A84}.Debug|Any CPU.Build.0 = Debug|Any CPU
		{33068AF4-83D6-4BE0-89CE-4F50F86F1A84}.Debug|x64.ActiveCfg = Debug|Any CPU
		{33068AF4-83D6-4BE0-89CE-4F50F86F1A84}.Debug|x64.Build.0 = Debug|Any CPU
		{33068AF4-83D6-4BE0-89CE-4F50F86F1A84}.Debug|x86.ActiveCfg = Debug|Any CPU
		{33068AF4-83D6-4BE0-89CE-4F50F86F1A84}.Debug|x86.Build.0 = Debug|Any CPU
		{33068AF4-83D6-4BE0-89CE-4F50F86F1A84}.Release|Any CPU.ActiveCfg = Release|Any CPU
		{33068AF4-83D6-4BE0-89CE-4F50F86F1A84}.Release|Any CPU.Build.0 = Release|Any CPU
		{33068AF4-83D6-4BE0-89CE-4F50F86F1A84}.Release|x64.ActiveCfg = Release|Any CPU
		{33068AF4-83D6-4BE0-89CE-4F50F86F1A84}.Release|x64.Build.0 = Release|Any CPU
		{33068AF4-83D6-4BE0-89CE-4F50F86F1A84}.Release|x86.ActiveCfg = Release|Any CPU
		{33068AF4-83D6-4BE0-89CE-4F50F86F1A84}.Release|x86.Build.0 = Release|Any CPU
		{51809C49-E5BB-4ABE-902F-48C843CCA5F1}.Debug|Any CPU.ActiveCfg = Debug|Any CPU
		{51809C49-E5BB-4ABE-902F-48C843CCA5F1}.Debug|Any CPU.Build.0 = Debug|Any CPU
		{51809C49-E5BB-4ABE-902F-48C843CCA5F1}.Debug|x64.ActiveCfg = Debug|Any CPU
		{51809C49-E5BB-4ABE-902F-48C843CCA5F1}.Debug|x64.Build.0 = Debug|Any CPU
		{51809C49-E5BB-4ABE-902F-48C843CCA5F1}.Debug|x86.ActiveCfg = Debug|Any CPU
		{51809C49-E5BB-4ABE-902F-48C843CCA5F1}.Debug|x86.Build.0 = Debug|Any CPU
		{51809C49-E5BB-4ABE-902F-48C843CCA5F1}.Release|Any CPU.ActiveCfg = Release|Any CPU
		{51809C49-E5BB-4ABE-902F-48C843CCA5F1}.Release|Any CPU.Build.0 = Release|Any CPU
		{51809C49-E5BB-4ABE-902F-48C843CCA5F1}.Release|x64.ActiveCfg = Release|Any CPU
		{51809C49-E5BB-4ABE-902F-48C843CCA5F1}.Release|x64.Build.0 = Release|Any CPU
		{51809C49-E5BB-4ABE-902F-48C843CCA5F1}.Release|x86.ActiveCfg = Release|Any CPU
		{51809C49-E5BB-4ABE-902F-48C843CCA5F1}.Release|x86.Build.0 = Release|Any CPU
		{51B2F208-20BC-4F48-B495-5180EBD2F8B8}.Debug|Any CPU.ActiveCfg = Debug|Any CPU
		{51B2F208-20BC-4F48-B495-5180EBD2F8B8}.Debug|Any CPU.Build.0 = Debug|Any CPU
		{51B2F208-20BC-4F48-B495-5180EBD2F8B8}.Debug|x64.ActiveCfg = Debug|Any CPU
		{51B2F208-20BC-4F48-B495-5180EBD2F8B8}.Debug|x64.Build.0 = Debug|Any CPU
		{51B2F208-20BC-4F48-B495-5180EBD2F8B8}.Debug|x86.ActiveCfg = Debug|Any CPU
		{51B2F208-20BC-4F48-B495-5180EBD2F8B8}.Debug|x86.Build.0 = Debug|Any CPU
		{51B2F208-20BC-4F48-B495-5180EBD2F8B8}.Release|Any CPU.ActiveCfg = Release|Any CPU
		{51B2F208-20BC-4F48-B495-5180EBD2F8B8}.Release|Any CPU.Build.0 = Release|Any CPU
		{51B2F208-20BC-4F48-B495-5180EBD2F8B8}.Release|x64.ActiveCfg = Release|Any CPU
		{51B2F208-20BC-4F48-B495-5180EBD2F8B8}.Release|x64.Build.0 = Release|Any CPU
		{51B2F208-20BC-4F48-B495-5180EBD2F8B8}.Release|x86.ActiveCfg = Release|Any CPU
		{51B2F208-20BC-4F48-B495-5180EBD2F8B8}.Release|x86.Build.0 = Release|Any CPU
		{946F1259-8EF0-47C0-9702-BA9286654B66}.Debug|Any CPU.ActiveCfg = Debug|Any CPU
		{946F1259-8EF0-47C0-9702-BA9286654B66}.Debug|Any CPU.Build.0 = Debug|Any CPU
		{946F1259-8EF0-47C0-9702-BA9286654B66}.Debug|x64.ActiveCfg = Debug|Any CPU
		{946F1259-8EF0-47C0-9702-BA9286654B66}.Debug|x64.Build.0 = Debug|Any CPU
		{946F1259-8EF0-47C0-9702-BA9286654B66}.Debug|x86.ActiveCfg = Debug|Any CPU
		{946F1259-8EF0-47C0-9702-BA9286654B66}.Debug|x86.Build.0 = Debug|Any CPU
		{946F1259-8EF0-47C0-9702-BA9286654B66}.Release|Any CPU.ActiveCfg = Release|Any CPU
		{946F1259-8EF0-47C0-9702-BA9286654B66}.Release|Any CPU.Build.0 = Release|Any CPU
		{946F1259-8EF0-47C0-9702-BA9286654B66}.Release|x64.ActiveCfg = Release|Any CPU
		{946F1259-8EF0-47C0-9702-BA9286654B66}.Release|x64.Build.0 = Release|Any CPU
		{946F1259-8EF0-47C0-9702-BA9286654B66}.Release|x86.ActiveCfg = Release|Any CPU
		{946F1259-8EF0-47C0-9702-BA9286654B66}.Release|x86.Build.0 = Release|Any CPU
		{64FB360B-D29C-4AA5-B40C-65535E8B549B}.Debug|Any CPU.ActiveCfg = Debug|Any CPU
		{64FB360B-D29C-4AA5-B40C-65535E8B549B}.Debug|Any CPU.Build.0 = Debug|Any CPU
		{64FB360B-D29C-4AA5-B40C-65535E8B549B}.Debug|x64.ActiveCfg = Debug|Any CPU
		{64FB360B-D29C-4AA5-B40C-65535E8B549B}.Debug|x64.Build.0 = Debug|Any CPU
		{64FB360B-D29C-4AA5-B40C-65535E8B549B}.Debug|x86.ActiveCfg = Debug|Any CPU
		{64FB360B-D29C-4AA5-B40C-65535E8B549B}.Debug|x86.Build.0 = Debug|Any CPU
		{64FB360B-D29C-4AA5-B40C-65535E8B549B}.Release|Any CPU.ActiveCfg = Release|Any CPU
		{64FB360B-D29C-4AA5-B40C-65535E8B549B}.Release|Any CPU.Build.0 = Release|Any CPU
		{64FB360B-D29C-4AA5-B40C-65535E8B549B}.Release|x64.ActiveCfg = Release|Any CPU
		{64FB360B-D29C-4AA5-B40C-65535E8B549B}.Release|x64.Build.0 = Release|Any CPU
		{64FB360B-D29C-4AA5-B40C-65535E8B549B}.Release|x86.ActiveCfg = Release|Any CPU
		{64FB360B-D29C-4AA5-B40C-65535E8B549B}.Release|x86.Build.0 = Release|Any CPU
		{D7AB73AB-C9DB-4DCC-945D-FE694411231F}.Debug|Any CPU.ActiveCfg = Debug|Any CPU
		{D7AB73AB-C9DB-4DCC-945D-FE694411231F}.Debug|Any CPU.Build.0 = Debug|Any CPU
		{D7AB73AB-C9DB-4DCC-945D-FE694411231F}.Debug|x64.ActiveCfg = Debug|Any CPU
		{D7AB73AB-C9DB-4DCC-945D-FE694411231F}.Debug|x64.Build.0 = Debug|Any CPU
		{D7AB73AB-C9DB-4DCC-945D-FE694411231F}.Debug|x86.ActiveCfg = Debug|Any CPU
		{D7AB73AB-C9DB-4DCC-945D-FE694411231F}.Debug|x86.Build.0 = Debug|Any CPU
		{D7AB73AB-C9DB-4DCC-945D-FE694411231F}.Release|Any CPU.ActiveCfg = Release|Any CPU
		{D7AB73AB-C9DB-4DCC-945D-FE694411231F}.Release|Any CPU.Build.0 = Release|Any CPU
		{D7AB73AB-C9DB-4DCC-945D-FE694411231F}.Release|x64.ActiveCfg = Release|Any CPU
		{D7AB73AB-C9DB-4DCC-945D-FE694411231F}.Release|x64.Build.0 = Release|Any CPU
		{D7AB73AB-C9DB-4DCC-945D-FE694411231F}.Release|x86.ActiveCfg = Release|Any CPU
		{D7AB73AB-C9DB-4DCC-945D-FE694411231F}.Release|x86.Build.0 = Release|Any CPU
	EndGlobalSection
	GlobalSection(SolutionProperties) = preSolution
		HideSolutionNode = FALSE
	EndGlobalSection
	GlobalSection(NestedProjects) = preSolution
		{8EE76FB1-271C-4796-BAE1-16CFB0058814} = {8EED895E-FC7E-4184-B5B0-8EB6F21C335E}
		{33068AF4-83D6-4BE0-89CE-4F50F86F1A84} = {8EED895E-FC7E-4184-B5B0-8EB6F21C335E}
		{51809C49-E5BB-4ABE-902F-48C843CCA5F1} = {8EED895E-FC7E-4184-B5B0-8EB6F21C335E}
		{51B2F208-20BC-4F48-B495-5180EBD2F8B8} = {8EED895E-FC7E-4184-B5B0-8EB6F21C335E}
		{946F1259-8EF0-47C0-9702-BA9286654B66} = {66DF07EF-816A-4412-A155-DCB5FF138263}
		{64FB360B-D29C-4AA5-B40C-65535E8B549B} = {66DF07EF-816A-4412-A155-DCB5FF138263}
		{D7AB73AB-C9DB-4DCC-945D-FE694411231F} = {66DF07EF-816A-4412-A155-DCB5FF138263}
	EndGlobalSection
EndGlobal
